github.com/aki2772/MessageBoard_sample v0.0.0-20231219074325-74c572121903 h1:UuBvV8+CX5rmpeCUEg7sJoe4zbzG4R5oyYLSNORDOgo=
github.com/aki2772/MessageBoard_sample v0.0.0-20231219074325-74c572121903/go.mod h1:cm+H6rDS/o6HtYIhM7EyO9KY+h67utRXTwC+QDrpLgs=
github.com/go-sql-driver/mysql v1.7.1 h1:lUIinVbN1DY0xBg0eMOzmmtGoHwWBbvnWubQUrtU8EI=
github.com/go-sql-driver/mysql v1.7.1/go.mod h1:OXbVy3sEdcQ2Doequ6Z5BW6fXNQTmx+9S1MCJN5yJMI=
