github.com/aki2772/MessageBoard_sample v0.0.0-20231204021700-cb3c6939299e h1:hg1tJhyr26fMG5iNRUeaF6+QdFpbjtXM8NkU5vfJ/Bo=
github.com/aki2772/MessageBoard_sample v0.0.0-20231204021700-cb3c6939299e/go.mod h1:O2iKjJPUOaIVoJZKefakPR3dSKvkLCNd6CuCyToUAdE=
github.com/aki2772/MessageBoard_sample v0.0.0-20231205022044-fdba93289322 h1:J0eFZO1nrCejfz/B/PT6hk1rFF/BE3h8ziRBrfbnoLk=
github.com/aki2772/MessageBoard_sample v0.0.0-20231205022044-fdba93289322/go.mod h1:O2iKjJPUOaIVoJZKefakPR3dSKvkLCNd6CuCyToUAdE=
github.com/aki2772/MessageBoard_sample v0.0.0-20231205072907-96662fed18b2 h1:UVdyd1/4CJKMOy/HwlWa1wjH5MmQJh4GgpHwgHzvc4k=
github.com/aki2772/MessageBoard_sample v0.0.0-20231205072907-96662fed18b2/go.mod h1:O2iKjJPUOaIVoJZKefakPR3dSKvkLCNd6CuCyToUAdE=
